Microsoft Visual Studio Solution File, Format Version 12.00
# Visual Studio 15
VisualStudioVersion = 15.0.28010.2026
MinimumVisualStudioVersion = 10.0.40219.1
Project("{FAE04EC0-301F-11D3-BF4B-00C04F79EFBC}") = "Assets_Project", "Assets_Project.csproj", "{75444D03-1A34-4A99-BFD1-049904F4B75D}"
EndProject
Global
	GlobalSection(SolutionConfigurationPlatforms) = preSolution
		Debug|Any CPU = Debug|Any CPU
		Release|Any CPU = Release|Any CPU
	EndGlobalSection
	GlobalSection(ProjectConfigurationPlatforms) = postSolution
		{75444D03-1A34-4A99-BFD1-049904F4B75D}.Debug|Any CPU.ActiveCfg = Debug|Any CPU
		{75444D03-1A34-4A99-BFD1-049904F4B75D}.Debug|Any CPU.Build.0 = Debug|Any CPU
		{75444D03-1A34-4A99-BFD1-049904F4B75D}.Release|Any CPU.ActiveCfg = Release|Any CPU
		{75444D03-1A34-4A99-BFD1-049904F4B75D}.Release|Any CPU.Build.0 = Release|Any CPU
	EndGlobalSection
	GlobalSection(SolutionProperties) = preSolution
		HideSolutionNode = FALSE
	EndGlobalSection
	GlobalSection(ExtensibilityGlobals) = postSolution
		SolutionGuid = {928250F3-A8B7-48C0-9329-1AD7F15BF7A0}
	EndGlobalSection
EndGlobal
